
Microsoft Visual Studio Solution File, Format Version 12.00
# Visual Studio 15
VisualStudioVersion = 15.0.27004.2006
MinimumVisualStudioVersion = 10.0.40219.1
Project("{9A19103F-16F7-4668-BE54-9A1E7A4F7556}") = "Test.API", "Test.API\Test.API.csproj", "{8CB6465F-0827-4D40-96FA-9B9B3AF20742}"
EndProject
Project("{9A19103F-16F7-4668-BE54-9A1E7A4F7556}") = "Test.WEB", "Test.WEB\Test.WEB.csproj", "{B1CB35FE-7438-4E2A-8621-D2A839C7B582}"
EndProject
Project("{9A19103F-16F7-4668-BE54-9A1E7A4F7556}") = "Test.MODELS", "Test.MODELS\Test.MODELS.csproj", "{EBD4F49E-4C6B-45FD-B7D8-7177243B87E6}"
EndProject
Project("{9A19103F-16F7-4668-BE54-9A1E7A4F7556}") = "Test.DAL", "Test.DAL\Test.DAL.csproj", "{E44D4971-79A0-43CA-80F6-8E57D63876F1}"
EndProject
Global
	GlobalSection(SolutionConfigurationPlatforms) = preSolution
		Debug|Any CPU = Debug|Any CPU
		Release|Any CPU = Release|Any CPU
	EndGlobalSection
	GlobalSection(ProjectConfigurationPlatforms) = postSolution
		{8CB6465F-0827-4D40-96FA-9B9B3AF20742}.Debug|Any CPU.ActiveCfg = Debug|Any CPU
		{8CB6465F-0827-4D40-96FA-9B9B3AF20742}.Debug|Any CPU.Build.0 = Debug|Any CPU
		{8CB6465F-0827-4D40-96FA-9B9B3AF20742}.Release|Any CPU.ActiveCfg = Release|Any CPU
		{8CB6465F-0827-4D40-96FA-9B9B3AF20742}.Release|Any CPU.Build.0 = Release|Any CPU
		{B1CB35FE-7438-4E2A-8621-D2A839C7B582}.Debug|Any CPU.ActiveCfg = Debug|Any CPU
		{B1CB35FE-7438-4E2A-8621-D2A839C7B582}.Debug|Any CPU.Build.0 = Debug|Any CPU
		{B1CB35FE-7438-4E2A-8621-D2A839C7B582}.Release|Any CPU.ActiveCfg = Release|Any CPU
		{B1CB35FE-7438-4E2A-8621-D2A839C7B582}.Release|Any CPU.Build.0 = Release|Any CPU
		{EBD4F49E-4C6B-45FD-B7D8-7177243B87E6}.Debug|Any CPU.ActiveCfg = Debug|Any CPU
		{EBD4F49E-4C6B-45FD-B7D8-7177243B87E6}.Debug|Any CPU.Build.0 = Debug|Any CPU
		{EBD4F49E-4C6B-45FD-B7D8-7177243B87E6}.Release|Any CPU.ActiveCfg = Release|Any CPU
		{EBD4F49E-4C6B-45FD-B7D8-7177243B87E6}.Release|Any CPU.Build.0 = Release|Any CPU
		{E44D4971-79A0-43CA-80F6-8E57D63876F1}.Debug|Any CPU.ActiveCfg = Debug|Any CPU
		{E44D4971-79A0-43CA-80F6-8E57D63876F1}.Debug|Any CPU.Build.0 = Debug|Any CPU
		{E44D4971-79A0-43CA-80F6-8E57D63876F1}.Release|Any CPU.ActiveCfg = Release|Any CPU
		{E44D4971-79A0-43CA-80F6-8E57D63876F1}.Release|Any CPU.Build.0 = Release|Any CPU
	EndGlobalSection
	GlobalSection(SolutionProperties) = preSolution
		HideSolutionNode = FALSE
	EndGlobalSection
	GlobalSection(ExtensibilityGlobals) = postSolution
		SolutionGuid = {3A7037B7-BACE-41AD-9B7F-0226E46DCE10}
	EndGlobalSection
EndGlobal
